
Microsoft Visual Studio Solution File, Format Version 12.00
# Visual Studio 2012
Project("{FAE04EC0-301F-11D3-BF4B-00C04F79EFBC}") = "Lição_10_18112020", "Lição_10_18112020\Lição_10_18112020.csproj", "{B6C150B8-47A7-4BBD-A268-3EB80B9ABE72}"
EndProject
Global
	GlobalSection(SolutionConfigurationPlatforms) = preSolution
		Debug|Any CPU = Debug|Any CPU
		Release|Any CPU = Release|Any CPU
	EndGlobalSection
	GlobalSection(ProjectConfigurationPlatforms) = postSolution
		{B6C150B8-47A7-4BBD-A268-3EB80B9ABE72}.Debug|Any CPU.ActiveCfg = Debug|Any CPU
		{B6C150B8-47A7-4BBD-A268-3EB80B9ABE72}.Debug|Any CPU.Build.0 = Debug|Any CPU
		{B6C150B8-47A7-4BBD-A268-3EB80B9ABE72}.Release|Any CPU.ActiveCfg = Release|Any CPU
		{B6C150B8-47A7-4BBD-A268-3EB80B9ABE72}.Release|Any CPU.Build.0 = Release|Any CPU
	EndGlobalSection
	GlobalSection(SolutionProperties) = preSolution
		HideSolutionNode = FALSE
	EndGlobalSection
EndGlobal
